
Microsoft Visual Studio Solution File, Format Version 12.00
# Visual Studio 15
Project("{FAE04EC0-301F-11D3-BF4B-00C04F79EFBC}") = "Mirror", "Mirror.csproj", "{09D8AD62-B967-6186-2FAD-247CA7336FE4}"
EndProject
Project("{FAE04EC0-301F-11D3-BF4B-00C04F79EFBC}") = "Mirror.Components", "Mirror.Components.csproj", "{B4B8689B-13EF-E9F2-5C6D-3B60FAE7A21B}"
EndProject
Project("{FAE04EC0-301F-11D3-BF4B-00C04F79EFBC}") = "Assembly-CSharp", "Assembly-CSharp.csproj", "{2F4B643F-DD5F-0E60-F117-31A839962DDA}"
EndProject
Project("{FAE04EC0-301F-11D3-BF4B-00C04F79EFBC}") = "SimpleWebTransport", "SimpleWebTransport.csproj", "{1F25CB86-C16C-A095-8EC8-BC29BA54030F}"
EndProject
Project("{FAE04EC0-301F-11D3-BF4B-00C04F79EFBC}") = "kcp2k", "kcp2k.csproj", "{937F9160-1EAC-B9E9-36F9-52ED81D3054C}"
EndProject
Project("{FAE04EC0-301F-11D3-BF4B-00C04F79EFBC}") = "Telepathy", "Telepathy.csproj", "{08D6779E-46C8-241D-F3B1-238EB12BA41F}"
EndProject
Project("{FAE04EC0-301F-11D3-BF4B-00C04F79EFBC}") = "Mirror.Authenticators", "Mirror.Authenticators.csproj", "{995FDA2C-8331-76A4-DBBC-4FC4FCB88357}"
EndProject
Project("{FAE04EC0-301F-11D3-BF4B-00C04F79EFBC}") = "where-allocations", "where-allocations.csproj", "{6E3E2061-A3FF-878F-5D55-7EE01F0C392F}"
EndProject
Project("{FAE04EC0-301F-11D3-BF4B-00C04F79EFBC}") = "Unity.Mirror.CodeGen", "Unity.Mirror.CodeGen.csproj", "{9B916B04-278A-A127-6A38-A31C967AE360}"
EndProject
Project("{FAE04EC0-301F-11D3-BF4B-00C04F79EFBC}") = "Mirror.Editor", "Mirror.Editor.csproj", "{CFD1B65C-4513-E616-AF95-19EB19CBE795}"
EndProject
Project("{FAE04EC0-301F-11D3-BF4B-00C04F79EFBC}") = "Mirror.CompilerSymbols", "Mirror.CompilerSymbols.csproj", "{DF7516C3-C154-26CE-828B-67A68579C1F9}"
EndProject
Project("{FAE04EC0-301F-11D3-BF4B-00C04F79EFBC}") = "Mirror", "Mirror.Player.csproj", "{FDF2B969-A80C-BB34-880C-834987CD40C9}"
EndProject
Project("{FAE04EC0-301F-11D3-BF4B-00C04F79EFBC}") = "Mirror.Components", "Mirror.Components.Player.csproj", "{5B17745F-4214-E685-9AAA-53C3230367DA}"
EndProject
Project("{FAE04EC0-301F-11D3-BF4B-00C04F79EFBC}") = "Assembly-CSharp", "Assembly-CSharp.Player.csproj", "{9F2C3BE4-E32D-BEFB-361B-CD7C8AA668D5}"
EndProject
Project("{FAE04EC0-301F-11D3-BF4B-00C04F79EFBC}") = "SimpleWebTransport", "SimpleWebTransport.Player.csproj", "{59C45AEE-04DD-7B49-1693-DDA9F41A230E}"
EndProject
Project("{FAE04EC0-301F-11D3-BF4B-00C04F79EFBC}") = "kcp2k", "kcp2k.Player.csproj", "{BEAF4006-21CD-6577-DB7F-F19ADD117A29}"
EndProject
Project("{FAE04EC0-301F-11D3-BF4B-00C04F79EFBC}") = "Telepathy", "Telepathy.Player.csproj", "{8EF95F40-DFDC-8F7A-66BE-5DBB047BE5A3}"
EndProject
Project("{FAE04EC0-301F-11D3-BF4B-00C04F79EFBC}") = "Mirror.Authenticators", "Mirror.Authenticators.Player.csproj", "{85A2FAB4-3555-2582-9828-F072BB0291DF}"
EndProject
Project("{FAE04EC0-301F-11D3-BF4B-00C04F79EFBC}") = "where-allocations", "where-allocations.Player.csproj", "{5DCAAF43-2018-72B7-B7B8-5C7AFF044340}"
EndProject
Global
	GlobalSection(SolutionConfigurationPlatforms) = preSolution
		Debug|Any CPU = Debug|Any CPU
		Release|Any CPU = Release|Any CPU
	EndGlobalSection
	GlobalSection(ProjectConfigurationPlatforms) = postSolution
		{09D8AD62-B967-6186-2FAD-247CA7336FE4}.Debug|Any CPU.ActiveCfg = Debug|Any CPU
		{09D8AD62-B967-6186-2FAD-247CA7336FE4}.Debug|Any CPU.Build.0 = Debug|Any CPU
		{09D8AD62-B967-6186-2FAD-247CA7336FE4}.Release|Any CPU.ActiveCfg = Release|Any CPU
		{09D8AD62-B967-6186-2FAD-247CA7336FE4}.Release|Any CPU.Build.0 = Release|Any CPU
		{B4B8689B-13EF-E9F2-5C6D-3B60FAE7A21B}.Debug|Any CPU.ActiveCfg = Debug|Any CPU
		{B4B8689B-13EF-E9F2-5C6D-3B60FAE7A21B}.Debug|Any CPU.Build.0 = Debug|Any CPU
		{B4B8689B-13EF-E9F2-5C6D-3B60FAE7A21B}.Release|Any CPU.ActiveCfg = Release|Any CPU
		{B4B8689B-13EF-E9F2-5C6D-3B60FAE7A21B}.Release|Any CPU.Build.0 = Release|Any CPU
		{2F4B643F-DD5F-0E60-F117-31A839962DDA}.Debug|Any CPU.ActiveCfg = Debug|Any CPU
		{2F4B643F-DD5F-0E60-F117-31A839962DDA}.Debug|Any CPU.Build.0 = Debug|Any CPU
		{2F4B643F-DD5F-0E60-F117-31A839962DDA}.Release|Any CPU.ActiveCfg = Release|Any CPU
		{2F4B643F-DD5F-0E60-F117-31A839962DDA}.Release|Any CPU.Build.0 = Release|Any CPU
		{1F25CB86-C16C-A095-8EC8-BC29BA54030F}.Debug|Any CPU.ActiveCfg = Debug|Any CPU
		{1F25CB86-C16C-A095-8EC8-BC29BA54030F}.Debug|Any CPU.Build.0 = Debug|Any CPU
		{1F25CB86-C16C-A095-8EC8-BC29BA54030F}.Release|Any CPU.ActiveCfg = Release|Any CPU
		{1F25CB86-C16C-A095-8EC8-BC29BA54030F}.Release|Any CPU.Build.0 = Release|Any CPU
		{937F9160-1EAC-B9E9-36F9-52ED81D3054C}.Debug|Any CPU.ActiveCfg = Debug|Any CPU
		{937F9160-1EAC-B9E9-36F9-52ED81D3054C}.Debug|Any CPU.Build.0 = Debug|Any CPU
		{937F9160-1EAC-B9E9-36F9-52ED81D3054C}.Release|Any CPU.ActiveCfg = Release|Any CPU
		{937F9160-1EAC-B9E9-36F9-52ED81D3054C}.Release|Any CPU.Build.0 = Release|Any CPU
		{08D6779E-46C8-241D-F3B1-238EB12BA41F}.Debug|Any CPU.ActiveCfg = Debug|Any CPU
		{08D6779E-46C8-241D-F3B1-238EB12BA41F}.Debug|Any CPU.Build.0 = Debug|Any CPU
		{08D6779E-46C8-241D-F3B1-238EB12BA41F}.Release|Any CPU.ActiveCfg = Release|Any CPU
		{08D6779E-46C8-241D-F3B1-238EB12BA41F}.Release|Any CPU.Build.0 = Release|Any CPU
		{995FDA2C-8331-76A4-DBBC-4FC4FCB88357}.Debug|Any CPU.ActiveCfg = Debug|Any CPU
		{995FDA2C-8331-76A4-DBBC-4FC4FCB88357}.Debug|Any CPU.Build.0 = Debug|Any CPU
		{995FDA2C-8331-76A4-DBBC-4FC4FCB88357}.Release|Any CPU.ActiveCfg = Release|Any CPU
		{995FDA2C-8331-76A4-DBBC-4FC4FCB88357}.Release|Any CPU.Build.0 = Release|Any CPU
		{6E3E2061-A3FF-878F-5D55-7EE01F0C392F}.Debug|Any CPU.ActiveCfg = Debug|Any CPU
		{6E3E2061-A3FF-878F-5D55-7EE01F0C392F}.Debug|Any CPU.Build.0 = Debug|Any CPU
		{6E3E2061-A3FF-878F-5D55-7EE01F0C392F}.Release|Any CPU.ActiveCfg = Release|Any CPU
		{6E3E2061-A3FF-878F-5D55-7EE01F0C392F}.Release|Any CPU.Build.0 = Release|Any CPU
		{9B916B04-278A-A127-6A38-A31C967AE360}.Debug|Any CPU.ActiveCfg = Debug|Any CPU
		{9B916B04-278A-A127-6A38-A31C967AE360}.Debug|Any CPU.Build.0 = Debug|Any CPU
		{9B916B04-278A-A127-6A38-A31C967AE360}.Release|Any CPU.ActiveCfg = Release|Any CPU
		{9B916B04-278A-A127-6A38-A31C967AE360}.Release|Any CPU.Build.0 = Release|Any CPU
		{CFD1B65C-4513-E616-AF95-19EB19CBE795}.Debug|Any CPU.ActiveCfg = Debug|Any CPU
		{CFD1B65C-4513-E616-AF95-19EB19CBE795}.Debug|Any CPU.Build.0 = Debug|Any CPU
		{CFD1B65C-4513-E616-AF95-19EB19CBE795}.Release|Any CPU.ActiveCfg = Release|Any CPU
		{CFD1B65C-4513-E616-AF95-19EB19CBE795}.Release|Any CPU.Build.0 = Release|Any CPU
		{DF7516C3-C154-26CE-828B-67A68579C1F9}.Debug|Any CPU.ActiveCfg = Debug|Any CPU
		{DF7516C3-C154-26CE-828B-67A68579C1F9}.Debug|Any CPU.Build.0 = Debug|Any CPU
		{DF7516C3-C154-26CE-828B-67A68579C1F9}.Release|Any CPU.ActiveCfg = Release|Any CPU
		{DF7516C3-C154-26CE-828B-67A68579C1F9}.Release|Any CPU.Build.0 = Release|Any CPU
		{FDF2B969-A80C-BB34-880C-834987CD40C9}.Debug|Any CPU.ActiveCfg = Debug|Any CPU
		{FDF2B969-A80C-BB34-880C-834987CD40C9}.Debug|Any CPU.Build.0 = Debug|Any CPU
		{FDF2B969-A80C-BB34-880C-834987CD40C9}.Release|Any CPU.ActiveCfg = Release|Any CPU
		{FDF2B969-A80C-BB34-880C-834987CD40C9}.Release|Any CPU.Build.0 = Release|Any CPU
		{5B17745F-4214-E685-9AAA-53C3230367DA}.Debug|Any CPU.ActiveCfg = Debug|Any CPU
		{5B17745F-4214-E685-9AAA-53C3230367DA}.Debug|Any CPU.Build.0 = Debug|Any CPU
		{5B17745F-4214-E685-9AAA-53C3230367DA}.Release|Any CPU.ActiveCfg = Release|Any CPU
		{5B17745F-4214-E685-9AAA-53C3230367DA}.Release|Any CPU.Build.0 = Release|Any CPU
		{9F2C3BE4-E32D-BEFB-361B-CD7C8AA668D5}.Debug|Any CPU.ActiveCfg = Debug|Any CPU
		{9F2C3BE4-E32D-BEFB-361B-CD7C8AA668D5}.Debug|Any CPU.Build.0 = Debug|Any CPU
		{9F2C3BE4-E32D-BEFB-361B-CD7C8AA668D5}.Release|Any CPU.ActiveCfg = Release|Any CPU
		{9F2C3BE4-E32D-BEFB-361B-CD7C8AA668D5}.Release|Any CPU.Build.0 = Release|Any CPU
		{59C45AEE-04DD-7B49-1693-DDA9F41A230E}.Debug|Any CPU.ActiveCfg = Debug|Any CPU
		{59C45AEE-04DD-7B49-1693-DDA9F41A230E}.Debug|Any CPU.Build.0 = Debug|Any CPU
		{59C45AEE-04DD-7B49-1693-DDA9F41A230E}.Release|Any CPU.ActiveCfg = Release|Any CPU
		{59C45AEE-04DD-7B49-1693-DDA9F41A230E}.Release|Any CPU.Build.0 = Release|Any CPU
		{BEAF4006-21CD-6577-DB7F-F19ADD117A29}.Debug|Any CPU.ActiveCfg = Debug|Any CPU
		{BEAF4006-21CD-6577-DB7F-F19ADD117A29}.Debug|Any CPU.Build.0 = Debug|Any CPU
		{BEAF4006-21CD-6577-DB7F-F19ADD117A29}.Release|Any CPU.ActiveCfg = Release|Any CPU
		{BEAF4006-21CD-6577-DB7F-F19ADD117A29}.Release|Any CPU.Build.0 = Release|Any CPU
		{8EF95F40-DFDC-8F7A-66BE-5DBB047BE5A3}.Debug|Any CPU.ActiveCfg = Debug|Any CPU
		{8EF95F40-DFDC-8F7A-66BE-5DBB047BE5A3}.Debug|Any CPU.Build.0 = Debug|Any CPU
		{8EF95F40-DFDC-8F7A-66BE-5DBB047BE5A3}.Release|Any CPU.ActiveCfg = Release|Any CPU
		{8EF95F40-DFDC-8F7A-66BE-5DBB047BE5A3}.Release|Any CPU.Build.0 = Release|Any CPU
		{85A2FAB4-3555-2582-9828-F072BB0291DF}.Debug|Any CPU.ActiveCfg = Debug|Any CPU
		{85A2FAB4-3555-2582-9828-F072BB0291DF}.Debug|Any CPU.Build.0 = Debug|Any CPU
		{85A2FAB4-3555-2582-9828-F072BB0291DF}.Release|Any CPU.ActiveCfg = Release|Any CPU
		{85A2FAB4-3555-2582-9828-F072BB0291DF}.Release|Any CPU.Build.0 = Release|Any CPU
		{5DCAAF43-2018-72B7-B7B8-5C7AFF044340}.Debug|Any CPU.ActiveCfg = Debug|Any CPU
		{5DCAAF43-2018-72B7-B7B8-5C7AFF044340}.Debug|Any CPU.Build.0 = Debug|Any CPU
		{5DCAAF43-2018-72B7-B7B8-5C7AFF044340}.Release|Any CPU.ActiveCfg = Release|Any CPU
		{5DCAAF43-2018-72B7-B7B8-5C7AFF044340}.Release|Any CPU.Build.0 = Release|Any CPU
	EndGlobalSection
	GlobalSection(SolutionProperties) = preSolution
		HideSolutionNode = FALSE
	EndGlobalSection
EndGlobal
